// !$*UTF8*$!
{
	archiveVersion = 1;
	classes = {
	};
	objectVersion = 46;
	objects = {

/* Begin PBXBuildFile section */
		6F71142C1C0367854186EDFC /* Pods_AlamofireTest.framework in Frameworks */ = {isa = PBXBuildFile; fileRef = 82F0F5E0511748F7BB5F4ED2 /* Pods_AlamofireTest.framework */; };
		C37AB3BE1E66699B006400D5 /* AppDelegate.swift in Sources */ = {isa = PBXBuildFile; fileRef = C37AB3BD1E66699B006400D5 /* AppDelegate.swift */; };
		C37AB3C01E66699B006400D5 /* ViewController.swift in Sources */ = {isa = PBXBuildFile; fileRef = C37AB3BF1E66699B006400D5 /* ViewController.swift */; };
		C37AB3C31E66699B006400D5 /* Main.storyboard in Resources */ = {isa = PBXBuildFile; fileRef = C37AB3C11E66699B006400D5 /* Main.storyboard */; };
		C37AB3C51E66699B006400D5 /* Assets.xcassets in Resources */ = {isa = PBXBuildFile; fileRef = C37AB3C41E66699B006400D5 /* Assets.xcassets */; };
		C37AB3C81E66699B006400D5 /* LaunchScreen.storyboard in Resources */ = {isa = PBXBuildFile; fileRef = C37AB3C61E66699B006400D5 /* LaunchScreen.storyboard */; };
		C37AB3D31E66699B006400D5 /* AlamofireTestTests.swift in Sources */ = {isa = PBXBuildFile; fileRef = C37AB3D21E66699B006400D5 /* AlamofireTestTests.swift */; };
		C37AB3DE1E66699B006400D5 /* AlamofireTestUITests.swift in Sources */ = {isa = PBXBuildFile; fileRef = C37AB3DD1E66699B006400D5 /* AlamofireTestUITests.swift */; };
		C37AB3ED1E66A2EF006400D5 /* WYNetworkTool.swift in Sources */ = {isa = PBXBuildFile; fileRef = C37AB3EC1E66A2EF006400D5 /* WYNetworkTool.swift */; };
/* End PBXBuildFile section */

/* Begin PBXContainerItemProxy section */
		C37AB3CF1E66699B006400D5 /* PBXContainerItemProxy */ = {
			isa = PBXContainerItemProxy;
			containerPortal = C37AB3B21E66699B006400D5 /* Project object */;
			proxyType = 1;
			remoteGlobalIDString = C37AB3B91E66699B006400D5;
			remoteInfo = AlamofireTest;
		};
		C37AB3DA1E66699B006400D5 /* PBXContainerItemProxy */ = {
			isa = PBXContainerItemProxy;
			containerPortal = C37AB3B21E66699B006400D5 /* Project object */;
			proxyType = 1;
			remoteGlobalIDString = C37AB3B91E66699B006400D5;
			remoteInfo = AlamofireTest;
		};
/* End PBXContainerItemProxy section */

/* Begin PBXFileReference section */
		6E0114BC4E8580E1A441DA92 /* Pods-AlamofireTest.debug.xcconfig */ = {isa = PBXFileReference; includeInIndex = 1; lastKnownFileType = text.xcconfig; name = "Pods-AlamofireTest.debug.xcconfig"; path = "Pods/Target Support Files/Pods-AlamofireTest/Pods-AlamofireTest.debug.xcconfig"; sourceTree = "<group>"; };
		82F0F5E0511748F7BB5F4ED2 /* Pods_AlamofireTest.framework */ = {isa = PBXFileReference; explicitFileType = wrapper.framework; includeInIndex = 0; path = Pods_AlamofireTest.framework; sourceTree = BUILT_PRODUCTS_DIR; };
		91B6FD48FD42C4265616F8A0 /* Pods-AlamofireTest.release.xcconfig */ = {isa = PBXFileReference; includeInIndex = 1; lastKnownFileType = text.xcconfig; name = "Pods-AlamofireTest.release.xcconfig"; path = "Pods/Target Support Files/Pods-AlamofireTest/Pods-AlamofireTest.release.xcconfig"; sourceTree = "<group>"; };
		C37AB3BA1E66699B006400D5 /* AlamofireTest.app */ = {isa = PBXFileReference; explicitFileType = wrapper.application; includeInIndex = 0; path = AlamofireTest.app; sourceTree = BUILT_PRODUCTS_DIR; };
		C37AB3BD1E66699B006400D5 /* AppDelegate.swift */ = {isa = PBXFileReference; lastKnownFileType = sourcecode.swift; path = AppDelegate.swift; sourceTree = "<group>"; };
		C37AB3BF1E66699B006400D5 /* ViewController.swift */ = {isa = PBXFileReference; lastKnownFileType = sourcecode.swift; path = ViewController.swift; sourceTree = "<group>"; };
		C37AB3C21E66699B006400D5 /* Base */ = {isa = PBXFileReference; lastKnownFileType = file.storyboard; name = Base; path = Base.lproj/Main.storyboard; sourceTree = "<group>"; };
		C37AB3C41E66699B006400D5 /* Assets.xcassets */ = {isa = PBXFileReference; lastKnownFileType = folder.assetcatalog; path = Assets.xcassets; sourceTree = "<group>"; };
		C37AB3C71E66699B006400D5 /* Base */ = {isa = PBXFileReference; lastKnownFileType = file.storyboard; name = Base; path = Base.lproj/LaunchScreen.storyboard; sourceTree = "<group>"; };
		C37AB3C91E66699B006400D5 /* Info.plist */ = {isa = PBXFileReference; lastKnownFileType = text.plist.xml; path = Info.plist; sourceTree = "<group>"; };
		C37AB3CE1E66699B006400D5 /* AlamofireTestTests.xctest */ = {isa = PBXFileReference; explicitFileType = wrapper.cfbundle; includeInIndex = 0; path = AlamofireTestTests.xctest; sourceTree = BUILT_PRODUCTS_DIR; };
		C37AB3D21E66699B006400D5 /* AlamofireTestTests.swift */ = {isa = PBXFileReference; lastKnownFileType = sourcecode.swift; path = AlamofireTestTests.swift; sourceTree = "<group>"; };
		C37AB3D41E66699B006400D5 /* Info.plist */ = {isa = PBXFileReference; lastKnownFileType = text.plist.xml; path = Info.plist; sourceTree = "<group>"; };
		C37AB3D91E66699B006400D5 /* AlamofireTestUITests.xctest */ = {isa = PBXFileReference; explicitFileType = wrapper.cfbundle; includeInIndex = 0; path = AlamofireTestUITests.xctest; sourceTree = BUILT_PRODUCTS_DIR; };
		C37AB3DD1E66699B006400D5 /* AlamofireTestUITests.swift */ = {isa = PBXFileReference; lastKnownFileType = sourcecode.swift; path = AlamofireTestUITests.swift; sourceTree = "<group>"; };
		C37AB3DF1E66699B006400D5 /* Info.plist */ = {isa = PBXFileReference; lastKnownFileType = text.plist.xml; path = Info.plist; sourceTree = "<group>"; };
		C37AB3EC1E66A2EF006400D5 /* WYNetworkTool.swift */ = {isa = PBXFileReference; fileEncoding = 4; lastKnownFileType = sourcecode.swift; path = WYNetworkTool.swift; sourceTree = "<group>"; };
/* End PBXFileReference section */

/* Begin PBXFrameworksBuildPhase section */
		C37AB3B71E66699B006400D5 /* Frameworks */ = {
			isa = PBXFrameworksBuildPhase;
			buildActionMask = 2147483647;
			files = (
				6F71142C1C0367854186EDFC /* Pods_AlamofireTest.framework in Frameworks */,
			);
			runOnlyForDeploymentPostprocessing = 0;
		};
		C37AB3CB1E66699B006400D5 /* Frameworks */ = {
			isa = PBXFrameworksBuildPhase;
			buildActionMask = 2147483647;
			files = (
			);
			runOnlyForDeploymentPostprocessing = 0;
		};
		C37AB3D61E66699B006400D5 /* Frameworks */ = {
			isa = PBXFrameworksBuildPhase;
			buildActionMask = 2147483647;
			files = (
			);
			runOnlyForDeploymentPostprocessing = 0;
		};
/* End PBXFrameworksBuildPhase section */

/* Begin PBXGroup section */
		0B45D0A090B0E7BEDBD11234 /* Pods */ = {
			isa = PBXGroup;
			children = (
				6E0114BC4E8580E1A441DA92 /* Pods-AlamofireTest.debug.xcconfig */,
				91B6FD48FD42C4265616F8A0 /* Pods-AlamofireTest.release.xcconfig */,
			);
			name = Pods;
			sourceTree = "<group>";
		};
		79349A0F142D526ADF2B670C /* Frameworks */ = {
			isa = PBXGroup;
			children = (
				82F0F5E0511748F7BB5F4ED2 /* Pods_AlamofireTest.framework */,
			);
			name = Frameworks;
			sourceTree = "<group>";
		};
		C37AB3B11E66699B006400D5 = {
			isa = PBXGroup;
			children = (
				C37AB3BC1E66699B006400D5 /* AlamofireTest */,
				C37AB3D11E66699B006400D5 /* AlamofireTestTests */,
				C37AB3DC1E66699B006400D5 /* AlamofireTestUITests */,
				C37AB3BB1E66699B006400D5 /* Products */,
				0B45D0A090B0E7BEDBD11234 /* Pods */,
				79349A0F142D526ADF2B670C /* Frameworks */,
			);
			sourceTree = "<group>";
		};
		C37AB3BB1E66699B006400D5 /* Products */ = {
			isa = PBXGroup;
			children = (
				C37AB3BA1E66699B006400D5 /* AlamofireTest.app */,
				C37AB3CE1E66699B006400D5 /* AlamofireTestTests.xctest */,
				C37AB3D91E66699B006400D5 /* AlamofireTestUITests.xctest */,
			);
			name = Products;
			sourceTree = "<group>";
		};
		C37AB3BC1E66699B006400D5 /* AlamofireTest */ = {
			isa = PBXGroup;
			children = (
				C37AB3BD1E66699B006400D5 /* AppDelegate.swift */,
				C37AB3BF1E66699B006400D5 /* ViewController.swift */,
				C37AB3EC1E66A2EF006400D5 /* WYNetworkTool.swift */,
				C37AB3C11E66699B006400D5 /* Main.storyboard */,
				C37AB3C41E66699B006400D5 /* Assets.xcassets */,
				C37AB3C61E66699B006400D5 /* LaunchScreen.storyboard */,
				C37AB3C91E66699B006400D5 /* Info.plist */,
			);
			path = AlamofireTest;
			sourceTree = "<group>";
		};
		C37AB3D11E66699B006400D5 /* AlamofireTestTests */ = {
			isa = PBXGroup;
			children = (
				C37AB3D21E66699B006400D5 /* AlamofireTestTests.swift */,
				C37AB3D41E66699B006400D5 /* Info.plist */,
			);
			path = AlamofireTestTests;
			sourceTree = "<group>";
		};
		C37AB3DC1E66699B006400D5 /* AlamofireTestUITests */ = {
			isa = PBXGroup;
			children = (
				C37AB3DD1E66699B006400D5 /* AlamofireTestUITests.swift */,
				C37AB3DF1E66699B006400D5 /* Info.plist */,
			);
			path = AlamofireTestUITests;
			sourceTree = "<group>";
		};
/* End PBXGroup section */

/* Begin PBXNativeTarget section */
		C37AB3B91E66699B006400D5 /* AlamofireTest */ = {
			isa = PBXNativeTarget;
			buildConfigurationList = C37AB3E21E66699B006400D5 /* Build configuration list for PBXNativeTarget "AlamofireTest" */;
			buildPhases = (
				506FE1456AC7C0B8223427F9 /* [CP] Check Pods Manifest.lock */,
				C37AB3B61E66699B006400D5 /* Sources */,
				C37AB3B71E66699B006400D5 /* Frameworks */,
				C37AB3B81E66699B006400D5 /* Resources */,
				58FBF42B3E98A5844A8204EC /* [CP] Embed Pods Frameworks */,
				600522AD8E5A9137E7D2A6AD /* [CP] Copy Pods Resources */,
			);
			buildRules = (
			);
			dependencies = (
			);
			name = AlamofireTest;
			productName = AlamofireTest;
			productReference = C37AB3BA1E66699B006400D5 /* AlamofireTest.app */;
			productType = "com.apple.product-type.application";
		};
		C37AB3CD1E66699B006400D5 /* AlamofireTestTests */ = {
			isa = PBXNativeTarget;
			buildConfigurationList = C37AB3E51E66699B006400D5 /* Build configuration list for PBXNativeTarget "AlamofireTestTests" */;
			buildPhases = (
				C37AB3CA1E66699B006400D5 /* Sources */,
				C37AB3CB1E66699B006400D5 /* Frameworks */,
				C37AB3CC1E66699B006400D5 /* Resources */,
			);
			buildRules = (
			);
			dependencies = (
				C37AB3D01E66699B006400D5 /* PBXTargetDependency */,
			);
			name = AlamofireTestTests;
			productName = AlamofireTestTests;
			productReference = C37AB3CE1E66699B006400D5 /* AlamofireTestTests.xctest */;
			productType = "com.apple.product-type.bundle.unit-test";
		};
		C37AB3D81E66699B006400D5 /* AlamofireTestUITests */ = {
			isa = PBXNativeTarget;
			buildConfigurationList = C37AB3E81E66699B006400D5 /* Build configuration list for PBXNativeTarget "AlamofireTestUITests" */;
			buildPhases = (
				C37AB3D51E66699B006400D5 /* Sources */,
				C37AB3D61E66699B006400D5 /* Frameworks */,
				C37AB3D71E66699B006400D5 /* Resources */,
			);
			buildRules = (
			);
			dependencies = (
				C37AB3DB1E66699B006400D5 /* PBXTargetDependency */,
			);
			name = AlamofireTestUITests;
			productName = AlamofireTestUITests;
			productReference = C37AB3D91E66699B006400D5 /* AlamofireTestUITests.xctest */;
			productType = "com.apple.product-type.bundle.ui-testing";
		};
/* End PBXNativeTarget section */

/* Begin PBXProject section */
		C37AB3B21E66699B006400D5 /* Project object */ = {
			isa = PBXProject;
			attributes = {
				LastSwiftUpdateCheck = 0820;
				LastUpgradeCheck = 0820;
				ORGANIZATIONNAME = yons;
				TargetAttributes = {
					C37AB3B91E66699B006400D5 = {
						CreatedOnToolsVersion = 8.2.1;
						DevelopmentTeam = 6PKRU8JWQ6;
						ProvisioningStyle = Automatic;
					};
					C37AB3CD1E66699B006400D5 = {
						CreatedOnToolsVersion = 8.2.1;
						DevelopmentTeam = 6PKRU8JWQ6;
						ProvisioningStyle = Automatic;
						TestTargetID = C37AB3B91E66699B006400D5;
					};
					C37AB3D81E66699B006400D5 = {
						CreatedOnToolsVersion = 8.2.1;
						DevelopmentTeam = 6PKRU8JWQ6;
						ProvisioningStyle = Automatic;
						TestTargetID = C37AB3B91E66699B006400D5;
					};
				};
			};
			buildConfigurationList = C37AB3B51E66699B006400D5 /* Build configuration list for PBXProject "AlamofireTest" */;
			compatibilityVersion = "Xcode 3.2";
			developmentRegion = English;
			hasScannedForEncodings = 0;
			knownRegions = (
				en,
				Base,
			);
			mainGroup = C37AB3B11E66699B006400D5;
			productRefGroup = C37AB3BB1E66699B006400D5 /* Products */;
			projectDirPath = "";
			projectRoot = "";
			targets = (
				C37AB3B91E66699B006400D5 /* AlamofireTest */,
				C37AB3CD1E66699B006400D5 /* AlamofireTestTests */,
				C37AB3D81E66699B006400D5 /* AlamofireTestUITests */,
			);
		};
/* End PBXProject section */

/* Begin PBXResourcesBuildPhase section */
		C37AB3B81E66699B006400D5 /* Resources */ = {
			isa = PBXResourcesBuildPhase;
			buildActionMask = 2147483647;
			files = (
				C37AB3C81E66699B006400D5 /* LaunchScreen.storyboard in Resources */,
				C37AB3C51E66699B006400D5 /* Assets.xcassets in Resources */,
				C37AB3C31E66699B006400D5 /* Main.storyboard in Resources */,
			);
			runOnlyForDeploymentPostprocessing = 0;
		};
		C37AB3CC1E66699B006400D5 /* Resources */ = {
			isa = PBXResourcesBuildPhase;
			buildActionMask = 2147483647;
			files = (
			);
			runOnlyForDeploymentPostprocessing = 0;
		};
		C37AB3D71E66699B006400D5 /* Resources */ = {
			isa = PBXResourcesBuildPhase;
			buildActionMask = 2147483647;
			files = (
			);
			runOnlyForDeploymentPostprocessing = 0;
		};
/* End PBXResourcesBuildPhase section */

/* Begin PBXShellScriptBuildPhase section */
		506FE1456AC7C0B8223427F9 /* [CP] Check Pods Manifest.lock */ = {
			isa = PBXShellScriptBuildPhase;
			buildActionMask = 2147483647;
			files = (
			);
			inputPaths = (
			);
			name = "[CP] Check Pods Manifest.lock";
			outputPaths = (
			);
			runOnlyForDeploymentPostprocessing = 0;
			shellPath = /bin/sh;
			shellScript = "diff \"${PODS_ROOT}/../Podfile.lock\" \"${PODS_ROOT}/Manifest.lock\" > /dev/null\nif [ $? != 0 ] ; then\n    # print error to STDERR\n    echo \"error: The sandbox is not in sync with the Podfile.lock. Run 'pod install' or update your CocoaPods installation.\" >&2\n    exit 1\nfi\n";
			showEnvVarsInLog = 0;
		};
		58FBF42B3E98A5844A8204EC /* [CP] Embed Pods Frameworks */ = {
			isa = PBXShellScriptBuildPhase;
			buildActionMask = 2147483647;
			files = (
			);
			inputPaths = (
			);
			name = "[CP] Embed Pods Frameworks";
			outputPaths = (
			);
			runOnlyForDeploymentPostprocessing = 0;
			shellPath = /bin/sh;
			shellScript = "\"${SRCROOT}/Pods/Target Support Files/Pods-AlamofireTest/Pods-AlamofireTest-frameworks.sh\"\n";
			showEnvVarsInLog = 0;
		};
		600522AD8E5A9137E7D2A6AD /* [CP] Copy Pods Resources */ = {
			isa = PBXShellScriptBuildPhase;
			buildActionMask = 2147483647;
			files = (
			);
			inputPaths = (
			);
			name = "[CP] Copy Pods Resources";
			outputPaths = (
			);
			runOnlyForDeploymentPostprocessing = 0;
			shellPath = /bin/sh;
			shellScript = "\"${SRCROOT}/Pods/Target Support Files/Pods-AlamofireTest/Pods-AlamofireTest-resources.sh\"\n";
			showEnvVarsInLog = 0;
		};
/* End PBXShellScriptBuildPhase section */

/* Begin PBXSourcesBuildPhase section */
		C37AB3B61E66699B006400D5 /* Sources */ = {
			isa = PBXSourcesBuildPhase;
			buildActionMask = 2147483647;
			files = (
				C37AB3C01E66699B006400D5 /* ViewController.swift in Sources */,
				C37AB3BE1E66699B006400D5 /* AppDelegate.swift in Sources */,
				C37AB3ED1E66A2EF006400D5 /* WYNetworkTool.swift in Sources */,
			);
			runOnlyForDeploymentPostprocessing = 0;
		};
		C37AB3CA1E66699B006400D5 /* Sources */ = {
			isa = PBXSourcesBuildPhase;
			buildActionMask = 2147483647;
			files = (
				C37AB3D31E66699B006400D5 /* AlamofireTestTests.swift in Sources */,
			);
			runOnlyForDeploymentPostprocessing = 0;
		};
		C37AB3D51E66699B006400D5 /* Sources */ = {
			isa = PBXSourcesBuildPhase;
			buildActionMask = 2147483647;
			files = (
				C37AB3DE1E66699B006400D5 /* AlamofireTestUITests.swift in Sources */,
			);
			runOnlyForDeploymentPostprocessing = 0;
		};
/* End PBXSourcesBuildPhase section */

/* Begin PBXTargetDependency section */
		C37AB3D01E66699B006400D5 /* PBXTargetDependency */ = {
			isa = PBXTargetDependency;
			target = C37AB3B91E66699B006400D5 /* AlamofireTest */;
			targetProxy = C37AB3CF1E66699B006400D5 /* PBXContainerItemProxy */;
		};
		C37AB3DB1E66699B006400D5 /* PBXTargetDependency */ = {
			isa = PBXTargetDependency;
			target = C37AB3B91E66699B006400D5 /* AlamofireTest */;
			targetProxy = C37AB3DA1E66699B006400D5 /* PBXContainerItemProxy */;
		};
/* End PBXTargetDependency section */

/* Begin PBXVariantGroup section */
		C37AB3C11E66699B006400D5 /* Main.storyboard */ = {
			isa = PBXVariantGroup;
			children = (
				C37AB3C21E66699B006400D5 /* Base */,
			);
			name = Main.storyboard;
			sourceTree = "<group>";
		};
		C37AB3C61E66699B006400D5 /* LaunchScreen.storyboard */ = {
			isa = PBXVariantGroup;
			children = (
				C37AB3C71E66699B006400D5 /* Base */,
			);
			name = LaunchScreen.storyboard;
			sourceTree = "<group>";
		};
/* End PBXVariantGroup section */

/* Begin XCBuildConfiguration section */
		C37AB3E01E66699B006400D5 /* Debug */ = {
			isa = XCBuildConfiguration;
			buildSettings = {
				ALWAYS_SEARCH_USER_PATHS = NO;
				CLANG_ANALYZER_NONNULL = YES;
				CLANG_CXX_LANGUAGE_STANDARD = "gnu++0x";
				CLANG_CXX_LIBRARY = "libc++";
				CLANG_ENABLE_MODULES = YES;
				CLANG_ENABLE_OBJC_ARC = YES;
				CLANG_WARN_BOOL_CONVERSION = YES;
				CLANG_WARN_CONSTANT_CONVERSION = YES;
				CLANG_WARN_DIRECT_OBJC_ISA_USAGE = YES_ERROR;
				CLANG_WARN_DOCUMENTATION_COMMENTS = YES;
				CLANG_WARN_EMPTY_BODY = YES;
				CLANG_WARN_ENUM_CONVERSION = YES;
				CLANG_WARN_INFINITE_RECURSION = YES;
				CLANG_WARN_INT_CONVERSION = YES;
				CLANG_WARN_OBJC_ROOT_CLASS = YES_ERROR;
				CLANG_WARN_SUSPICIOUS_MOVE = YES;
				CLANG_WARN_UNREACHABLE_CODE = YES;
				CLANG_WARN__DUPLICATE_METHOD_MATCH = YES;
				"CODE_SIGN_IDENTITY[sdk=iphoneos*]" = "iPhone Developer";
				COPY_PHASE_STRIP = NO;
				DEBUG_INFORMATION_FORMAT = dwarf;
				ENABLE_STRICT_OBJC_MSGSEND = YES;
				ENABLE_TESTABILITY = YES;
				GCC_C_LANGUAGE_STANDARD = gnu99;
				GCC_DYNAMIC_NO_PIC = NO;
				GCC_NO_COMMON_BLOCKS = YES;
				GCC_OPTIMIZATION_LEVEL = 0;
				GCC_PREPROCESSOR_DEFINITIONS = (
					"DEBUG=1",
					"$(inherited)",
				);
				GCC_WARN_64_TO_32_BIT_CONVERSION = YES;
				GCC_WARN_ABOUT_RETURN_TYPE = YES_ERROR;
				GCC_WARN_UNDECLARED_SELECTOR = YES;
				GCC_WARN_UNINITIALIZED_AUTOS = YES_AGGRESSIVE;
				GCC_WARN_UNUSED_FUNCTION = YES;
				GCC_WARN_UNUSED_VARIABLE = YES;
				IPHONEOS_DEPLOYMENT_TARGET = 10.2;
				MTL_ENABLE_DEBUG_INFO = YES;
				ONLY_ACTIVE_ARCH = YES;
				SDKROOT = iphoneos;
				SWIFT_ACTIVE_COMPILATION_CONDITIONS = DEBUG;
				SWIFT_OPTIMIZATION_LEVEL = "-Onone";
				TARGETED_DEVICE_FAMILY = "1,2";
			};
			name = Debug;
		};
		C37AB3E11E66699B006400D5 /* Release */ = {
			isa = XCBuildConfiguration;
			buildSettings = {
				ALWAYS_SEARCH_USER_PATHS = NO;
				CLANG_ANALYZER_NONNULL = YES;
				CLANG_CXX_LANGUAGE_STANDARD = "gnu++0x";
				CLANG_CXX_LIBRARY = "libc++";
				CLANG_ENABLE_MODULES = YES;
				CLANG_ENABLE_OBJC_ARC = YES;
				CLANG_WARN_BOOL_CONVERSION = YES;
				CLANG_WARN_CONSTANT_CONVERSION = YES;
				CLANG_WARN_DIRECT_OBJC_ISA_USAGE = YES_ERROR;
				CLANG_WARN_DOCUMENTATION_COMMENTS = YES;
				CLANG_WARN_EMPTY_BODY = YES;
				CLANG_WARN_ENUM_CONVERSION = YES;
				CLANG_WARN_INFINITE_RECURSION = YES;
				CLANG_WARN_INT_CONVERSION = YES;
				CLANG_WARN_OBJC_ROOT_CLASS = YES_ERROR;
				CLANG_WARN_SUSPICIOUS_MOVE = YES;
				CLANG_WARN_UNREACHABLE_CODE = YES;
				CLANG_WARN__DUPLICATE_METHOD_MATCH = YES;
				"CODE_SIGN_IDENTITY[sdk=iphoneos*]" = "iPhone Developer";
				COPY_PHASE_STRIP = NO;
				DEBUG_INFORMATION_FORMAT = "dwarf-with-dsym";
				ENABLE_NS_ASSERTIONS = NO;
				ENABLE_STRICT_OBJC_MSGSEND = YES;
				GCC_C_LANGUAGE_STANDARD = gnu99;
				GCC_NO_COMMON_BLOCKS = YES;
				GCC_WARN_64_TO_32_BIT_CONVERSION = YES;
				GCC_WARN_ABOUT_RETURN_TYPE = YES_ERROR;
				GCC_WARN_UNDECLARED_SELECTOR = YES;
				GCC_WARN_UNINITIALIZED_AUTOS = YES_AGGRESSIVE;
				GCC_WARN_UNUSED_FUNCTION = YES;
				GCC_WARN_UNUSED_VARIABLE = YES;
				IPHONEOS_DEPLOYMENT_TARGET = 10.2;
				MTL_ENABLE_DEBUG_INFO = NO;
				SDKROOT = iphoneos;
				SWIFT_OPTIMIZATION_LEVEL = "-Owholemodule";
				TARGETED_DEVICE_FAMILY = "1,2";
				VALIDATE_PRODUCT = YES;
			};
			name = Release;
		};
		C37AB3E31E66699B006400D5 /* Debug */ = {
			isa = XCBuildConfiguration;
			baseConfigurationReference = 6E0114BC4E8580E1A441DA92 /* Pods-AlamofireTest.debug.xcconfig */;
			buildSettings = {
				ASSETCATALOG_COMPILER_APPICON_NAME = AppIcon;
				DEVELOPMENT_TEAM = 6PKRU8JWQ6;
				INFOPLIST_FILE = AlamofireTest/Info.plist;
				LD_RUNPATH_SEARCH_PATHS = "$(inherited) @executable_path/Frameworks";
				PRODUCT_BUNDLE_IDENTIFIER = WY.AlamofireTest;
				PRODUCT_NAME = "$(TARGET_NAME)";
				SWIFT_VERSION = 3.0;
			};
			name = Debug;
		};
		C37AB3E41E66699B006400D5 /* Release */ = {
			isa = XCBuildConfiguration;
			baseConfigurationReference = 91B6FD48FD42C4265616F8A0 /* Pods-AlamofireTest.release.xcconfig */;
			buildSettings = {
				ASSETCATALOG_COMPILER_APPICON_NAME = AppIcon;
				DEVELOPMENT_TEAM = 6PKRU8JWQ6;
				INFOPLIST_FILE = AlamofireTest/Info.plist;
				LD_RUNPATH_SEARCH_PATHS = "$(inherited) @executable_path/Frameworks";
				PRODUCT_BUNDLE_IDENTIFIER = WY.AlamofireTest;
				PRODUCT_NAME = "$(TARGET_NAME)";
				SWIFT_VERSION = 3.0;
			};
			name = Release;
		};
		C37AB3E61E66699B006400D5 /* Debug */ = {
			isa = XCBuildConfiguration;
			buildSettings = {
				ALWAYS_EMBED_SWIFT_STANDARD_LIBRARIES = YES;
				BUNDLE_LOADER = "$(TEST_HOST)";
				DEVELOPMENT_TEAM = 6PKRU8JWQ6;
				INFOPLIST_FILE = AlamofireTestTests/Info.plist;
				LD_RUNPATH_SEARCH_PATHS = "$(inherited) @executable_path/Frameworks @loader_path/Frameworks";
				PRODUCT_BUNDLE_IDENTIFIER = WY.AlamofireTestTests;
				PRODUCT_NAME = "$(TARGET_NAME)";
				SWIFT_VERSION = 3.0;
				TEST_HOST = "$(BUILT_PRODUCTS_DIR)/AlamofireTest.app/AlamofireTest";
			};
			name = Debug;
		};
		C37AB3E71E66699B006400D5 /* Release */ = {
			isa = XCBuildConfiguration;
			buildSettings = {
				ALWAYS_EMBED_SWIFT_STANDARD_LIBRARIES = YES;
				BUNDLE_LOADER = "$(TEST_HOST)";
				DEVELOPMENT_TEAM = 6PKRU8JWQ6;
				INFOPLIST_FILE = AlamofireTestTests/Info.plist;
				LD_RUNPATH_SEARCH_PATHS = "$(inherited) @executable_path/Frameworks @loader_path/Frameworks";
				PRODUCT_BUNDLE_IDENTIFIER = WY.AlamofireTestTests;
				PRODUCT_NAME = "$(TARGET_NAME)";
				SWIFT_VERSION = 3.0;
				TEST_HOST = "$(BUILT_PRODUCTS_DIR)/AlamofireTest.app/AlamofireTest";
			};
			name = Release;
		};
		C37AB3E91E66699B006400D5 /* Debug */ = {
			isa = XCBuildConfiguration;
			buildSettings = {
				ALWAYS_EMBED_SWIFT_STANDARD_LIBRARIES = YES;
				DEVELOPMENT_TEAM = 6PKRU8JWQ6;
				INFOPLIST_FILE = AlamofireTestUITests/Info.plist;
				LD_RUNPATH_SEARCH_PATHS = "$(inherited) @executable_path/Frameworks @loader_path/Frameworks";
				PRODUCT_BUNDLE_IDENTIFIER = WY.AlamofireTestUITests;
				PRODUCT_NAME = "$(TARGET_NAME)";
				SWIFT_VERSION = 3.0;
				TEST_TARGET_NAME = AlamofireTest;
			};
			name = Debug;
		};
		C37AB3EA1E66699B006400D5 /* Release */ = {
			isa = XCBuildConfiguration;
			buildSettings = {
				ALWAYS_EMBED_SWIFT_STANDARD_LIBRARIES = YES;
				DEVELOPMENT_TEAM = 6PKRU8JWQ6;
				INFOPLIST_FILE = AlamofireTestUITests/Info.plist;
				LD_RUNPATH_SEARCH_PATHS = "$(inherited) @executable_path/Frameworks @loader_path/Frameworks";
				PRODUCT_BUNDLE_IDENTIFIER = WY.AlamofireTestUITests;
				PRODUCT_NAME = "$(TARGET_NAME)";
				SWIFT_VERSION = 3.0;
				TEST_TARGET_NAME = AlamofireTest;
			};
			name = Release;
		};
/* End XCBuildConfiguration section */

/* Begin XCConfigurationList section */
		C37AB3B51E66699B006400D5 /* Build configuration list for PBXProject "AlamofireTest" */ = {
			isa = XCConfigurationList;
			buildConfigurations = (
				C37AB3E01E66699B006400D5 /* Debug */,
				C37AB3E11E66699B006400D5 /* Release */,
			);
			defaultConfigurationIsVisible = 0;
			defaultConfigurationName = Release;
		};
		C37AB3E21E66699B006400D5 /* Build configuration list for PBXNativeTarget "AlamofireTest" */ = {
			isa = XCConfigurationList;
			buildConfigurations = (
				C37AB3E31E66699B006400D5 /* Debug */,
				C37AB3E41E66699B006400D5 /* Release */,
			);
			defaultConfigurationIsVisible = 0;
			defaultConfigurationName = Release;
		};
		C37AB3E51E66699B006400D5 /* Build configuration list for PBXNativeTarget "AlamofireTestTests" */ = {
			isa = XCConfigurationList;
			buildConfigurations = (
				C37AB3E61E66699B006400D5 /* Debug */,
				C37AB3E71E66699B006400D5 /* Release */,
			);
			defaultConfigurationIsVisible = 0;
			defaultConfigurationName = Release;
		};
		C37AB3E81E66699B006400D5 /* Build configuration list for PBXNativeTarget "AlamofireTestUITests" */ = {
			isa = XCConfigurationList;
			buildConfigurations = (
				C37AB3E91E66699B006400D5 /* Debug */,
				C37AB3EA1E66699B006400D5 /* Release */,
			);
			defaultConfigurationIsVisible = 0;
			defaultConfigurationName = Release;
		};
/* End XCConfigurationList section */
	};
	rootObject = C37AB3B21E66699B006400D5 /* Project object */;
}
