// !$*UTF8*$!
{
	archiveVersion = 1;
	classes = {
	};
	objectVersion = 46;
	objects = {

/* Begin PBXBuildFile section */
		C30F3B731E6F90E50059B4D3 /* AppDelegate.swift in Sources */ = {isa = PBXBuildFile; fileRef = C30F3B721E6F90E50059B4D3 /* AppDelegate.swift */; };
		C30F3B751E6F90E50059B4D3 /* ViewController.swift in Sources */ = {isa = PBXBuildFile; fileRef = C30F3B741E6F90E50059B4D3 /* ViewController.swift */; };
		C30F3B7A1E6F90E50059B4D3 /* Assets.xcassets in Resources */ = {isa = PBXBuildFile; fileRef = C30F3B791E6F90E50059B4D3 /* Assets.xcassets */; };
		C30F3B7D1E6F90E50059B4D3 /* LaunchScreen.storyboard in Resources */ = {isa = PBXBuildFile; fileRef = C30F3B7B1E6F90E50059B4D3 /* LaunchScreen.storyboard */; };
		C30F3B881E6F90E50059B4D3 /* WYExtensionTests.swift in Sources */ = {isa = PBXBuildFile; fileRef = C30F3B871E6F90E50059B4D3 /* WYExtensionTests.swift */; };
		C30F3B931E6F90E50059B4D3 /* WYExtensionUITests.swift in Sources */ = {isa = PBXBuildFile; fileRef = C30F3B921E6F90E50059B4D3 /* WYExtensionUITests.swift */; };
		C30F3BA91E6F911E0059B4D3 /* CEBundleExtentsion.swift in Sources */ = {isa = PBXBuildFile; fileRef = C30F3BA11E6F911E0059B4D3 /* CEBundleExtentsion.swift */; };
		C30F3BAA1E6F911E0059B4D3 /* CEColoreExtension.swift in Sources */ = {isa = PBXBuildFile; fileRef = C30F3BA21E6F911E0059B4D3 /* CEColoreExtension.swift */; };
		C30F3BAB1E6F911E0059B4D3 /* CEDeviceExtension.swift in Sources */ = {isa = PBXBuildFile; fileRef = C30F3BA31E6F911E0059B4D3 /* CEDeviceExtension.swift */; };
		C30F3BAC1E6F911E0059B4D3 /* CEImageExtension.swift in Sources */ = {isa = PBXBuildFile; fileRef = C30F3BA41E6F911E0059B4D3 /* CEImageExtension.swift */; };
		C30F3BAD1E6F911E0059B4D3 /* CENavigationBarExtension.swift in Sources */ = {isa = PBXBuildFile; fileRef = C30F3BA51E6F911E0059B4D3 /* CENavigationBarExtension.swift */; };
		C30F3BAE1E6F911E0059B4D3 /* CEScreenExtension.swift in Sources */ = {isa = PBXBuildFile; fileRef = C30F3BA61E6F911E0059B4D3 /* CEScreenExtension.swift */; };
		C30F3BAF1E6F911E0059B4D3 /* CEStringExtension.swift in Sources */ = {isa = PBXBuildFile; fileRef = C30F3BA71E6F911E0059B4D3 /* CEStringExtension.swift */; };
		C30F3BB01E6F911E0059B4D3 /* CEViewExtension.swift in Sources */ = {isa = PBXBuildFile; fileRef = C30F3BA81E6F911E0059B4D3 /* CEViewExtension.swift */; };
		C30F3BB21E6F91510059B4D3 /* Main.storyboard in Resources */ = {isa = PBXBuildFile; fileRef = C30F3BB11E6F91510059B4D3 /* Main.storyboard */; };
		C30F3BB91E6F91630059B4D3 /* ColorExtensionViewController.swift in Sources */ = {isa = PBXBuildFile; fileRef = C30F3BB41E6F91630059B4D3 /* ColorExtensionViewController.swift */; };
		C30F3BBA1E6F91630059B4D3 /* DeviceExtensionViewController.swift in Sources */ = {isa = PBXBuildFile; fileRef = C30F3BB51E6F91630059B4D3 /* DeviceExtensionViewController.swift */; };
		C30F3BBB1E6F91630059B4D3 /* ImageExtensionViewController.swift in Sources */ = {isa = PBXBuildFile; fileRef = C30F3BB61E6F91630059B4D3 /* ImageExtensionViewController.swift */; };
		C30F3BBC1E6F91630059B4D3 /* MenuTableViewController.swift in Sources */ = {isa = PBXBuildFile; fileRef = C30F3BB71E6F91630059B4D3 /* MenuTableViewController.swift */; };
		C30F3BBD1E6F91630059B4D3 /* ViewExtensionViewController.swift in Sources */ = {isa = PBXBuildFile; fileRef = C30F3BB81E6F91630059B4D3 /* ViewExtensionViewController.swift */; };
/* End PBXBuildFile section */

/* Begin PBXContainerItemProxy section */
		C30F3B841E6F90E50059B4D3 /* PBXContainerItemProxy */ = {
			isa = PBXContainerItemProxy;
			containerPortal = C30F3B671E6F90E50059B4D3 /* Project object */;
			proxyType = 1;
			remoteGlobalIDString = C30F3B6E1E6F90E50059B4D3;
			remoteInfo = WYExtension;
		};
		C30F3B8F1E6F90E50059B4D3 /* PBXContainerItemProxy */ = {
			isa = PBXContainerItemProxy;
			containerPortal = C30F3B671E6F90E50059B4D3 /* Project object */;
			proxyType = 1;
			remoteGlobalIDString = C30F3B6E1E6F90E50059B4D3;
			remoteInfo = WYExtension;
		};
/* End PBXContainerItemProxy section */

/* Begin PBXFileReference section */
		C30F3B6F1E6F90E50059B4D3 /* WYExtension.app */ = {isa = PBXFileReference; explicitFileType = wrapper.application; includeInIndex = 0; path = WYExtension.app; sourceTree = BUILT_PRODUCTS_DIR; };
		C30F3B721E6F90E50059B4D3 /* AppDelegate.swift */ = {isa = PBXFileReference; lastKnownFileType = sourcecode.swift; path = AppDelegate.swift; sourceTree = "<group>"; };
		C30F3B741E6F90E50059B4D3 /* ViewController.swift */ = {isa = PBXFileReference; lastKnownFileType = sourcecode.swift; path = ViewController.swift; sourceTree = "<group>"; };
		C30F3B791E6F90E50059B4D3 /* Assets.xcassets */ = {isa = PBXFileReference; lastKnownFileType = folder.assetcatalog; path = Assets.xcassets; sourceTree = "<group>"; };
		C30F3B7C1E6F90E50059B4D3 /* Base */ = {isa = PBXFileReference; lastKnownFileType = file.storyboard; name = Base; path = Base.lproj/LaunchScreen.storyboard; sourceTree = "<group>"; };
		C30F3B7E1E6F90E50059B4D3 /* Info.plist */ = {isa = PBXFileReference; lastKnownFileType = text.plist.xml; path = Info.plist; sourceTree = "<group>"; };
		C30F3B831E6F90E50059B4D3 /* WYExtensionTests.xctest */ = {isa = PBXFileReference; explicitFileType = wrapper.cfbundle; includeInIndex = 0; path = WYExtensionTests.xctest; sourceTree = BUILT_PRODUCTS_DIR; };
		C30F3B871E6F90E50059B4D3 /* WYExtensionTests.swift */ = {isa = PBXFileReference; lastKnownFileType = sourcecode.swift; path = WYExtensionTests.swift; sourceTree = "<group>"; };
		C30F3B891E6F90E50059B4D3 /* Info.plist */ = {isa = PBXFileReference; lastKnownFileType = text.plist.xml; path = Info.plist; sourceTree = "<group>"; };
		C30F3B8E1E6F90E50059B4D3 /* WYExtensionUITests.xctest */ = {isa = PBXFileReference; explicitFileType = wrapper.cfbundle; includeInIndex = 0; path = WYExtensionUITests.xctest; sourceTree = BUILT_PRODUCTS_DIR; };
		C30F3B921E6F90E50059B4D3 /* WYExtensionUITests.swift */ = {isa = PBXFileReference; lastKnownFileType = sourcecode.swift; path = WYExtensionUITests.swift; sourceTree = "<group>"; };
		C30F3B941E6F90E50059B4D3 /* Info.plist */ = {isa = PBXFileReference; lastKnownFileType = text.plist.xml; path = Info.plist; sourceTree = "<group>"; };
		C30F3BA11E6F911E0059B4D3 /* CEBundleExtentsion.swift */ = {isa = PBXFileReference; fileEncoding = 4; lastKnownFileType = sourcecode.swift; path = CEBundleExtentsion.swift; sourceTree = "<group>"; };
		C30F3BA21E6F911E0059B4D3 /* CEColoreExtension.swift */ = {isa = PBXFileReference; fileEncoding = 4; lastKnownFileType = sourcecode.swift; path = CEColoreExtension.swift; sourceTree = "<group>"; };
		C30F3BA31E6F911E0059B4D3 /* CEDeviceExtension.swift */ = {isa = PBXFileReference; fileEncoding = 4; lastKnownFileType = sourcecode.swift; path = CEDeviceExtension.swift; sourceTree = "<group>"; };
		C30F3BA41E6F911E0059B4D3 /* CEImageExtension.swift */ = {isa = PBXFileReference; fileEncoding = 4; lastKnownFileType = sourcecode.swift; path = CEImageExtension.swift; sourceTree = "<group>"; };
		C30F3BA51E6F911E0059B4D3 /* CENavigationBarExtension.swift */ = {isa = PBXFileReference; fileEncoding = 4; lastKnownFileType = sourcecode.swift; path = CENavigationBarExtension.swift; sourceTree = "<group>"; };
		C30F3BA61E6F911E0059B4D3 /* CEScreenExtension.swift */ = {isa = PBXFileReference; fileEncoding = 4; lastKnownFileType = sourcecode.swift; path = CEScreenExtension.swift; sourceTree = "<group>"; };
		C30F3BA71E6F911E0059B4D3 /* CEStringExtension.swift */ = {isa = PBXFileReference; fileEncoding = 4; lastKnownFileType = sourcecode.swift; path = CEStringExtension.swift; sourceTree = "<group>"; };
		C30F3BA81E6F911E0059B4D3 /* CEViewExtension.swift */ = {isa = PBXFileReference; fileEncoding = 4; lastKnownFileType = sourcecode.swift; path = CEViewExtension.swift; sourceTree = "<group>"; };
		C30F3BB11E6F91510059B4D3 /* Main.storyboard */ = {isa = PBXFileReference; fileEncoding = 4; lastKnownFileType = file.storyboard; path = Main.storyboard; sourceTree = "<group>"; };
		C30F3BB41E6F91630059B4D3 /* ColorExtensionViewController.swift */ = {isa = PBXFileReference; fileEncoding = 4; lastKnownFileType = sourcecode.swift; path = ColorExtensionViewController.swift; sourceTree = "<group>"; };
		C30F3BB51E6F91630059B4D3 /* DeviceExtensionViewController.swift */ = {isa = PBXFileReference; fileEncoding = 4; lastKnownFileType = sourcecode.swift; path = DeviceExtensionViewController.swift; sourceTree = "<group>"; };
		C30F3BB61E6F91630059B4D3 /* ImageExtensionViewController.swift */ = {isa = PBXFileReference; fileEncoding = 4; lastKnownFileType = sourcecode.swift; path = ImageExtensionViewController.swift; sourceTree = "<group>"; };
		C30F3BB71E6F91630059B4D3 /* MenuTableViewController.swift */ = {isa = PBXFileReference; fileEncoding = 4; lastKnownFileType = sourcecode.swift; path = MenuTableViewController.swift; sourceTree = "<group>"; };
		C30F3BB81E6F91630059B4D3 /* ViewExtensionViewController.swift */ = {isa = PBXFileReference; fileEncoding = 4; lastKnownFileType = sourcecode.swift; path = ViewExtensionViewController.swift; sourceTree = "<group>"; };
/* End PBXFileReference section */

/* Begin PBXFrameworksBuildPhase section */
		C30F3B6C1E6F90E50059B4D3 /* Frameworks */ = {
			isa = PBXFrameworksBuildPhase;
			buildActionMask = 2147483647;
			files = (
			);
			runOnlyForDeploymentPostprocessing = 0;
		};
		C30F3B801E6F90E50059B4D3 /* Frameworks */ = {
			isa = PBXFrameworksBuildPhase;
			buildActionMask = 2147483647;
			files = (
			);
			runOnlyForDeploymentPostprocessing = 0;
		};
		C30F3B8B1E6F90E50059B4D3 /* Frameworks */ = {
			isa = PBXFrameworksBuildPhase;
			buildActionMask = 2147483647;
			files = (
			);
			runOnlyForDeploymentPostprocessing = 0;
		};
/* End PBXFrameworksBuildPhase section */

/* Begin PBXGroup section */
		C30F3B661E6F90E50059B4D3 = {
			isa = PBXGroup;
			children = (
				C30F3B711E6F90E50059B4D3 /* WYExtension */,
				C30F3B861E6F90E50059B4D3 /* WYExtensionTests */,
				C30F3B911E6F90E50059B4D3 /* WYExtensionUITests */,
				C30F3B701E6F90E50059B4D3 /* Products */,
			);
			sourceTree = "<group>";
		};
		C30F3B701E6F90E50059B4D3 /* Products */ = {
			isa = PBXGroup;
			children = (
				C30F3B6F1E6F90E50059B4D3 /* WYExtension.app */,
				C30F3B831E6F90E50059B4D3 /* WYExtensionTests.xctest */,
				C30F3B8E1E6F90E50059B4D3 /* WYExtensionUITests.xctest */,
			);
			name = Products;
			sourceTree = "<group>";
		};
		C30F3B711E6F90E50059B4D3 /* WYExtension */ = {
			isa = PBXGroup;
			children = (
				C30F3BB31E6F91630059B4D3 /* ViewController */,
				C30F3BA01E6F910A0059B4D3 /* Extension */,
				C30F3B721E6F90E50059B4D3 /* AppDelegate.swift */,
				C30F3B741E6F90E50059B4D3 /* ViewController.swift */,
				C30F3BB11E6F91510059B4D3 /* Main.storyboard */,
				C30F3B791E6F90E50059B4D3 /* Assets.xcassets */,
				C30F3B7B1E6F90E50059B4D3 /* LaunchScreen.storyboard */,
				C30F3B7E1E6F90E50059B4D3 /* Info.plist */,
			);
			path = WYExtension;
			sourceTree = "<group>";
		};
		C30F3B861E6F90E50059B4D3 /* WYExtensionTests */ = {
			isa = PBXGroup;
			children = (
				C30F3B871E6F90E50059B4D3 /* WYExtensionTests.swift */,
				C30F3B891E6F90E50059B4D3 /* Info.plist */,
			);
			path = WYExtensionTests;
			sourceTree = "<group>";
		};
		C30F3B911E6F90E50059B4D3 /* WYExtensionUITests */ = {
			isa = PBXGroup;
			children = (
				C30F3B921E6F90E50059B4D3 /* WYExtensionUITests.swift */,
				C30F3B941E6F90E50059B4D3 /* Info.plist */,
			);
			path = WYExtensionUITests;
			sourceTree = "<group>";
		};
		C30F3BA01E6F910A0059B4D3 /* Extension */ = {
			isa = PBXGroup;
			children = (
				C30F3BA11E6F911E0059B4D3 /* CEBundleExtentsion.swift */,
				C30F3BA21E6F911E0059B4D3 /* CEColoreExtension.swift */,
				C30F3BA31E6F911E0059B4D3 /* CEDeviceExtension.swift */,
				C30F3BA41E6F911E0059B4D3 /* CEImageExtension.swift */,
				C30F3BA51E6F911E0059B4D3 /* CENavigationBarExtension.swift */,
				C30F3BA61E6F911E0059B4D3 /* CEScreenExtension.swift */,
				C30F3BA71E6F911E0059B4D3 /* CEStringExtension.swift */,
				C30F3BA81E6F911E0059B4D3 /* CEViewExtension.swift */,
			);
			path = Extension;
			sourceTree = "<group>";
		};
		C30F3BB31E6F91630059B4D3 /* ViewController */ = {
			isa = PBXGroup;
			children = (
				C30F3BB41E6F91630059B4D3 /* ColorExtensionViewController.swift */,
				C30F3BB51E6F91630059B4D3 /* DeviceExtensionViewController.swift */,
				C30F3BB61E6F91630059B4D3 /* ImageExtensionViewController.swift */,
				C30F3BB71E6F91630059B4D3 /* MenuTableViewController.swift */,
				C30F3BB81E6F91630059B4D3 /* ViewExtensionViewController.swift */,
			);
			path = ViewController;
			sourceTree = "<group>";
		};
/* End PBXGroup section */

/* Begin PBXNativeTarget section */
		C30F3B6E1E6F90E50059B4D3 /* WYExtension */ = {
			isa = PBXNativeTarget;
			buildConfigurationList = C30F3B971E6F90E50059B4D3 /* Build configuration list for PBXNativeTarget "WYExtension" */;
			buildPhases = (
				C30F3B6B1E6F90E50059B4D3 /* Sources */,
				C30F3B6C1E6F90E50059B4D3 /* Frameworks */,
				C30F3B6D1E6F90E50059B4D3 /* Resources */,
			);
			buildRules = (
			);
			dependencies = (
			);
			name = WYExtension;
			productName = WYExtension;
			productReference = C30F3B6F1E6F90E50059B4D3 /* WYExtension.app */;
			productType = "com.apple.product-type.application";
		};
		C30F3B821E6F90E50059B4D3 /* WYExtensionTests */ = {
			isa = PBXNativeTarget;
			buildConfigurationList = C30F3B9A1E6F90E50059B4D3 /* Build configuration list for PBXNativeTarget "WYExtensionTests" */;
			buildPhases = (
				C30F3B7F1E6F90E50059B4D3 /* Sources */,
				C30F3B801E6F90E50059B4D3 /* Frameworks */,
				C30F3B811E6F90E50059B4D3 /* Resources */,
			);
			buildRules = (
			);
			dependencies = (
				C30F3B851E6F90E50059B4D3 /* PBXTargetDependency */,
			);
			name = WYExtensionTests;
			productName = WYExtensionTests;
			productReference = C30F3B831E6F90E50059B4D3 /* WYExtensionTests.xctest */;
			productType = "com.apple.product-type.bundle.unit-test";
		};
		C30F3B8D1E6F90E50059B4D3 /* WYExtensionUITests */ = {
			isa = PBXNativeTarget;
			buildConfigurationList = C30F3B9D1E6F90E50059B4D3 /* Build configuration list for PBXNativeTarget "WYExtensionUITests" */;
			buildPhases = (
				C30F3B8A1E6F90E50059B4D3 /* Sources */,
				C30F3B8B1E6F90E50059B4D3 /* Frameworks */,
				C30F3B8C1E6F90E50059B4D3 /* Resources */,
			);
			buildRules = (
			);
			dependencies = (
				C30F3B901E6F90E50059B4D3 /* PBXTargetDependency */,
			);
			name = WYExtensionUITests;
			productName = WYExtensionUITests;
			productReference = C30F3B8E1E6F90E50059B4D3 /* WYExtensionUITests.xctest */;
			productType = "com.apple.product-type.bundle.ui-testing";
		};
/* End PBXNativeTarget section */

/* Begin PBXProject section */
		C30F3B671E6F90E50059B4D3 /* Project object */ = {
			isa = PBXProject;
			attributes = {
				LastSwiftUpdateCheck = 0820;
				LastUpgradeCheck = 0820;
				ORGANIZATIONNAME = yons;
				TargetAttributes = {
					C30F3B6E1E6F90E50059B4D3 = {
						CreatedOnToolsVersion = 8.2.1;
						DevelopmentTeam = 6PKRU8JWQ6;
						ProvisioningStyle = Automatic;
					};
					C30F3B821E6F90E50059B4D3 = {
						CreatedOnToolsVersion = 8.2.1;
						DevelopmentTeam = 6PKRU8JWQ6;
						ProvisioningStyle = Automatic;
						TestTargetID = C30F3B6E1E6F90E50059B4D3;
					};
					C30F3B8D1E6F90E50059B4D3 = {
						CreatedOnToolsVersion = 8.2.1;
						DevelopmentTeam = 6PKRU8JWQ6;
						ProvisioningStyle = Automatic;
						TestTargetID = C30F3B6E1E6F90E50059B4D3;
					};
				};
			};
			buildConfigurationList = C30F3B6A1E6F90E50059B4D3 /* Build configuration list for PBXProject "WYExtension" */;
			compatibilityVersion = "Xcode 3.2";
			developmentRegion = English;
			hasScannedForEncodings = 0;
			knownRegions = (
				en,
				Base,
			);
			mainGroup = C30F3B661E6F90E50059B4D3;
			productRefGroup = C30F3B701E6F90E50059B4D3 /* Products */;
			projectDirPath = "";
			projectRoot = "";
			targets = (
				C30F3B6E1E6F90E50059B4D3 /* WYExtension */,
				C30F3B821E6F90E50059B4D3 /* WYExtensionTests */,
				C30F3B8D1E6F90E50059B4D3 /* WYExtensionUITests */,
			);
		};
/* End PBXProject section */

/* Begin PBXResourcesBuildPhase section */
		C30F3B6D1E6F90E50059B4D3 /* Resources */ = {
			isa = PBXResourcesBuildPhase;
			buildActionMask = 2147483647;
			files = (
				C30F3BB21E6F91510059B4D3 /* Main.storyboard in Resources */,
				C30F3B7D1E6F90E50059B4D3 /* LaunchScreen.storyboard in Resources */,
				C30F3B7A1E6F90E50059B4D3 /* Assets.xcassets in Resources */,
			);
			runOnlyForDeploymentPostprocessing = 0;
		};
		C30F3B811E6F90E50059B4D3 /* Resources */ = {
			isa = PBXResourcesBuildPhase;
			buildActionMask = 2147483647;
			files = (
			);
			runOnlyForDeploymentPostprocessing = 0;
		};
		C30F3B8C1E6F90E50059B4D3 /* Resources */ = {
			isa = PBXResourcesBuildPhase;
			buildActionMask = 2147483647;
			files = (
			);
			runOnlyForDeploymentPostprocessing = 0;
		};
/* End PBXResourcesBuildPhase section */

/* Begin PBXSourcesBuildPhase section */
		C30F3B6B1E6F90E50059B4D3 /* Sources */ = {
			isa = PBXSourcesBuildPhase;
			buildActionMask = 2147483647;
			files = (
				C30F3BAF1E6F911E0059B4D3 /* CEStringExtension.swift in Sources */,
				C30F3B751E6F90E50059B4D3 /* ViewController.swift in Sources */,
				C30F3BBA1E6F91630059B4D3 /* DeviceExtensionViewController.swift in Sources */,
				C30F3BA91E6F911E0059B4D3 /* CEBundleExtentsion.swift in Sources */,
				C30F3BB91E6F91630059B4D3 /* ColorExtensionViewController.swift in Sources */,
				C30F3BAD1E6F911E0059B4D3 /* CENavigationBarExtension.swift in Sources */,
				C30F3B731E6F90E50059B4D3 /* AppDelegate.swift in Sources */,
				C30F3BAC1E6F911E0059B4D3 /* CEImageExtension.swift in Sources */,
				C30F3BBD1E6F91630059B4D3 /* ViewExtensionViewController.swift in Sources */,
				C30F3BBC1E6F91630059B4D3 /* MenuTableViewController.swift in Sources */,
				C30F3BBB1E6F91630059B4D3 /* ImageExtensionViewController.swift in Sources */,
				C30F3BB01E6F911E0059B4D3 /* CEViewExtension.swift in Sources */,
				C30F3BAB1E6F911E0059B4D3 /* CEDeviceExtension.swift in Sources */,
				C30F3BAA1E6F911E0059B4D3 /* CEColoreExtension.swift in Sources */,
				C30F3BAE1E6F911E0059B4D3 /* CEScreenExtension.swift in Sources */,
			);
			runOnlyForDeploymentPostprocessing = 0;
		};
		C30F3B7F1E6F90E50059B4D3 /* Sources */ = {
			isa = PBXSourcesBuildPhase;
			buildActionMask = 2147483647;
			files = (
				C30F3B881E6F90E50059B4D3 /* WYExtensionTests.swift in Sources */,
			);
			runOnlyForDeploymentPostprocessing = 0;
		};
		C30F3B8A1E6F90E50059B4D3 /* Sources */ = {
			isa = PBXSourcesBuildPhase;
			buildActionMask = 2147483647;
			files = (
				C30F3B931E6F90E50059B4D3 /* WYExtensionUITests.swift in Sources */,
			);
			runOnlyForDeploymentPostprocessing = 0;
		};
/* End PBXSourcesBuildPhase section */

/* Begin PBXTargetDependency section */
		C30F3B851E6F90E50059B4D3 /* PBXTargetDependency */ = {
			isa = PBXTargetDependency;
			target = C30F3B6E1E6F90E50059B4D3 /* WYExtension */;
			targetProxy = C30F3B841E6F90E50059B4D3 /* PBXContainerItemProxy */;
		};
		C30F3B901E6F90E50059B4D3 /* PBXTargetDependency */ = {
			isa = PBXTargetDependency;
			target = C30F3B6E1E6F90E50059B4D3 /* WYExtension */;
			targetProxy = C30F3B8F1E6F90E50059B4D3 /* PBXContainerItemProxy */;
		};
/* End PBXTargetDependency section */

/* Begin PBXVariantGroup section */
		C30F3B7B1E6F90E50059B4D3 /* LaunchScreen.storyboard */ = {
			isa = PBXVariantGroup;
			children = (
				C30F3B7C1E6F90E50059B4D3 /* Base */,
			);
			name = LaunchScreen.storyboard;
			sourceTree = "<group>";
		};
/* End PBXVariantGroup section */

/* Begin XCBuildConfiguration section */
		C30F3B951E6F90E50059B4D3 /* Debug */ = {
			isa = XCBuildConfiguration;
			buildSettings = {
				ALWAYS_SEARCH_USER_PATHS = NO;
				CLANG_ANALYZER_NONNULL = YES;
				CLANG_CXX_LANGUAGE_STANDARD = "gnu++0x";
				CLANG_CXX_LIBRARY = "libc++";
				CLANG_ENABLE_MODULES = YES;
				CLANG_ENABLE_OBJC_ARC = YES;
				CLANG_WARN_BOOL_CONVERSION = YES;
				CLANG_WARN_CONSTANT_CONVERSION = YES;
				CLANG_WARN_DIRECT_OBJC_ISA_USAGE = YES_ERROR;
				CLANG_WARN_DOCUMENTATION_COMMENTS = YES;
				CLANG_WARN_EMPTY_BODY = YES;
				CLANG_WARN_ENUM_CONVERSION = YES;
				CLANG_WARN_INFINITE_RECURSION = YES;
				CLANG_WARN_INT_CONVERSION = YES;
				CLANG_WARN_OBJC_ROOT_CLASS = YES_ERROR;
				CLANG_WARN_SUSPICIOUS_MOVE = YES;
				CLANG_WARN_UNREACHABLE_CODE = YES;
				CLANG_WARN__DUPLICATE_METHOD_MATCH = YES;
				"CODE_SIGN_IDENTITY[sdk=iphoneos*]" = "iPhone Developer";
				COPY_PHASE_STRIP = NO;
				DEBUG_INFORMATION_FORMAT = dwarf;
				ENABLE_STRICT_OBJC_MSGSEND = YES;
				ENABLE_TESTABILITY = YES;
				GCC_C_LANGUAGE_STANDARD = gnu99;
				GCC_DYNAMIC_NO_PIC = NO;
				GCC_NO_COMMON_BLOCKS = YES;
				GCC_OPTIMIZATION_LEVEL = 0;
				GCC_PREPROCESSOR_DEFINITIONS = (
					"DEBUG=1",
					"$(inherited)",
				);
				GCC_WARN_64_TO_32_BIT_CONVERSION = YES;
				GCC_WARN_ABOUT_RETURN_TYPE = YES_ERROR;
				GCC_WARN_UNDECLARED_SELECTOR = YES;
				GCC_WARN_UNINITIALIZED_AUTOS = YES_AGGRESSIVE;
				GCC_WARN_UNUSED_FUNCTION = YES;
				GCC_WARN_UNUSED_VARIABLE = YES;
				IPHONEOS_DEPLOYMENT_TARGET = 10.2;
				MTL_ENABLE_DEBUG_INFO = YES;
				ONLY_ACTIVE_ARCH = YES;
				SDKROOT = iphoneos;
				SWIFT_ACTIVE_COMPILATION_CONDITIONS = DEBUG;
				SWIFT_OPTIMIZATION_LEVEL = "-Onone";
				TARGETED_DEVICE_FAMILY = "1,2";
			};
			name = Debug;
		};
		C30F3B961E6F90E50059B4D3 /* Release */ = {
			isa = XCBuildConfiguration;
			buildSettings = {
				ALWAYS_SEARCH_USER_PATHS = NO;
				CLANG_ANALYZER_NONNULL = YES;
				CLANG_CXX_LANGUAGE_STANDARD = "gnu++0x";
				CLANG_CXX_LIBRARY = "libc++";
				CLANG_ENABLE_MODULES = YES;
				CLANG_ENABLE_OBJC_ARC = YES;
				CLANG_WARN_BOOL_CONVERSION = YES;
				CLANG_WARN_CONSTANT_CONVERSION = YES;
				CLANG_WARN_DIRECT_OBJC_ISA_USAGE = YES_ERROR;
				CLANG_WARN_DOCUMENTATION_COMMENTS = YES;
				CLANG_WARN_EMPTY_BODY = YES;
				CLANG_WARN_ENUM_CONVERSION = YES;
				CLANG_WARN_INFINITE_RECURSION = YES;
				CLANG_WARN_INT_CONVERSION = YES;
				CLANG_WARN_OBJC_ROOT_CLASS = YES_ERROR;
				CLANG_WARN_SUSPICIOUS_MOVE = YES;
				CLANG_WARN_UNREACHABLE_CODE = YES;
				CLANG_WARN__DUPLICATE_METHOD_MATCH = YES;
				"CODE_SIGN_IDENTITY[sdk=iphoneos*]" = "iPhone Developer";
				COPY_PHASE_STRIP = NO;
				DEBUG_INFORMATION_FORMAT = "dwarf-with-dsym";
				ENABLE_NS_ASSERTIONS = NO;
				ENABLE_STRICT_OBJC_MSGSEND = YES;
				GCC_C_LANGUAGE_STANDARD = gnu99;
				GCC_NO_COMMON_BLOCKS = YES;
				GCC_WARN_64_TO_32_BIT_CONVERSION = YES;
				GCC_WARN_ABOUT_RETURN_TYPE = YES_ERROR;
				GCC_WARN_UNDECLARED_SELECTOR = YES;
				GCC_WARN_UNINITIALIZED_AUTOS = YES_AGGRESSIVE;
				GCC_WARN_UNUSED_FUNCTION = YES;
				GCC_WARN_UNUSED_VARIABLE = YES;
				IPHONEOS_DEPLOYMENT_TARGET = 10.2;
				MTL_ENABLE_DEBUG_INFO = NO;
				SDKROOT = iphoneos;
				SWIFT_OPTIMIZATION_LEVEL = "-Owholemodule";
				TARGETED_DEVICE_FAMILY = "1,2";
				VALIDATE_PRODUCT = YES;
			};
			name = Release;
		};
		C30F3B981E6F90E50059B4D3 /* Debug */ = {
			isa = XCBuildConfiguration;
			buildSettings = {
				ASSETCATALOG_COMPILER_APPICON_NAME = AppIcon;
				DEVELOPMENT_TEAM = 6PKRU8JWQ6;
				INFOPLIST_FILE = WYExtension/Info.plist;
				LD_RUNPATH_SEARCH_PATHS = "$(inherited) @executable_path/Frameworks";
				PRODUCT_BUNDLE_IDENTIFIER = WY.WYExtension;
				PRODUCT_NAME = "$(TARGET_NAME)";
				SWIFT_VERSION = 3.0;
			};
			name = Debug;
		};
		C30F3B991E6F90E50059B4D3 /* Release */ = {
			isa = XCBuildConfiguration;
			buildSettings = {
				ASSETCATALOG_COMPILER_APPICON_NAME = AppIcon;
				DEVELOPMENT_TEAM = 6PKRU8JWQ6;
				INFOPLIST_FILE = WYExtension/Info.plist;
				LD_RUNPATH_SEARCH_PATHS = "$(inherited) @executable_path/Frameworks";
				PRODUCT_BUNDLE_IDENTIFIER = WY.WYExtension;
				PRODUCT_NAME = "$(TARGET_NAME)";
				SWIFT_VERSION = 3.0;
			};
			name = Release;
		};
		C30F3B9B1E6F90E50059B4D3 /* Debug */ = {
			isa = XCBuildConfiguration;
			buildSettings = {
				ALWAYS_EMBED_SWIFT_STANDARD_LIBRARIES = YES;
				BUNDLE_LOADER = "$(TEST_HOST)";
				DEVELOPMENT_TEAM = 6PKRU8JWQ6;
				INFOPLIST_FILE = WYExtensionTests/Info.plist;
				LD_RUNPATH_SEARCH_PATHS = "$(inherited) @executable_path/Frameworks @loader_path/Frameworks";
				PRODUCT_BUNDLE_IDENTIFIER = WY.WYExtensionTests;
				PRODUCT_NAME = "$(TARGET_NAME)";
				SWIFT_VERSION = 3.0;
				TEST_HOST = "$(BUILT_PRODUCTS_DIR)/WYExtension.app/WYExtension";
			};
			name = Debug;
		};
		C30F3B9C1E6F90E50059B4D3 /* Release */ = {
			isa = XCBuildConfiguration;
			buildSettings = {
				ALWAYS_EMBED_SWIFT_STANDARD_LIBRARIES = YES;
				BUNDLE_LOADER = "$(TEST_HOST)";
				DEVELOPMENT_TEAM = 6PKRU8JWQ6;
				INFOPLIST_FILE = WYExtensionTests/Info.plist;
				LD_RUNPATH_SEARCH_PATHS = "$(inherited) @executable_path/Frameworks @loader_path/Frameworks";
				PRODUCT_BUNDLE_IDENTIFIER = WY.WYExtensionTests;
				PRODUCT_NAME = "$(TARGET_NAME)";
				SWIFT_VERSION = 3.0;
				TEST_HOST = "$(BUILT_PRODUCTS_DIR)/WYExtension.app/WYExtension";
			};
			name = Release;
		};
		C30F3B9E1E6F90E50059B4D3 /* Debug */ = {
			isa = XCBuildConfiguration;
			buildSettings = {
				ALWAYS_EMBED_SWIFT_STANDARD_LIBRARIES = YES;
				DEVELOPMENT_TEAM = 6PKRU8JWQ6;
				INFOPLIST_FILE = WYExtensionUITests/Info.plist;
				LD_RUNPATH_SEARCH_PATHS = "$(inherited) @executable_path/Frameworks @loader_path/Frameworks";
				PRODUCT_BUNDLE_IDENTIFIER = WY.WYExtensionUITests;
				PRODUCT_NAME = "$(TARGET_NAME)";
				SWIFT_VERSION = 3.0;
				TEST_TARGET_NAME = WYExtension;
			};
			name = Debug;
		};
		C30F3B9F1E6F90E50059B4D3 /* Release */ = {
			isa = XCBuildConfiguration;
			buildSettings = {
				ALWAYS_EMBED_SWIFT_STANDARD_LIBRARIES = YES;
				DEVELOPMENT_TEAM = 6PKRU8JWQ6;
				INFOPLIST_FILE = WYExtensionUITests/Info.plist;
				LD_RUNPATH_SEARCH_PATHS = "$(inherited) @executable_path/Frameworks @loader_path/Frameworks";
				PRODUCT_BUNDLE_IDENTIFIER = WY.WYExtensionUITests;
				PRODUCT_NAME = "$(TARGET_NAME)";
				SWIFT_VERSION = 3.0;
				TEST_TARGET_NAME = WYExtension;
			};
			name = Release;
		};
/* End XCBuildConfiguration section */

/* Begin XCConfigurationList section */
		C30F3B6A1E6F90E50059B4D3 /* Build configuration list for PBXProject "WYExtension" */ = {
			isa = XCConfigurationList;
			buildConfigurations = (
				C30F3B951E6F90E50059B4D3 /* Debug */,
				C30F3B961E6F90E50059B4D3 /* Release */,
			);
			defaultConfigurationIsVisible = 0;
			defaultConfigurationName = Release;
		};
		C30F3B971E6F90E50059B4D3 /* Build configuration list for PBXNativeTarget "WYExtension" */ = {
			isa = XCConfigurationList;
			buildConfigurations = (
				C30F3B981E6F90E50059B4D3 /* Debug */,
				C30F3B991E6F90E50059B4D3 /* Release */,
			);
			defaultConfigurationIsVisible = 0;
		};
		C30F3B9A1E6F90E50059B4D3 /* Build configuration list for PBXNativeTarget "WYExtensionTests" */ = {
			isa = XCConfigurationList;
			buildConfigurations = (
				C30F3B9B1E6F90E50059B4D3 /* Debug */,
				C30F3B9C1E6F90E50059B4D3 /* Release */,
			);
			defaultConfigurationIsVisible = 0;
		};
		C30F3B9D1E6F90E50059B4D3 /* Build configuration list for PBXNativeTarget "WYExtensionUITests" */ = {
			isa = XCConfigurationList;
			buildConfigurations = (
				C30F3B9E1E6F90E50059B4D3 /* Debug */,
				C30F3B9F1E6F90E50059B4D3 /* Release */,
			);
			defaultConfigurationIsVisible = 0;
		};
/* End XCConfigurationList section */
	};
	rootObject = C30F3B671E6F90E50059B4D3 /* Project object */;
}
